<?xml version="1.0" encoding="utf-8"?>
<Project ToolsVersion="4.0" xmlns="http://schemas.microsoft.com/developer/msbuild/2003">
  <ItemGroup>
    <Filter Include="Header Files">
      <UniqueIdentifier>{49648668-0ce3-4ec4-aad6-fc235f1b4fa5}</UniqueIdentifier>
    </Filter>
    <Filter Include="Source Files">
      <UniqueIdentifier>{97f92070-f2e9-443a-9496-f3bba542f9a5}</UniqueIdentifier>
    </Filter>
  </ItemGroup>
  <ItemGroup>
    <ClInclude Include="..\include\Enums.h">
      <Filter>Header Files</Filter>
    </ClInclude>
    <ClInclude Include="..\include\ErrorCodes.h">
      <Filter>Header Files</Filter>
    </ClInclude>
    <ClInclude Include="..\include\GXAPDU.h">
      <Filter>Header Files</Filter>
    </ClInclude>
    <ClInclude Include="..\include\GXApplicationContextName.h">
      <Filter>Header Files</Filter>
    </ClInclude>
    <ClInclude Include="..\include\GXAttributeCollection.h">
      <Filter>Header Files</Filter>
    </ClInclude>
    <ClInclude Include="..\include\GXAuthentication.h">
      <Filter>Header Files</Filter>
    </ClInclude>
    <ClInclude Include="..\include\GXDateTime.h">
      <Filter>Header Files</Filter>
    </ClInclude>
    <ClInclude Include="..\include\GXDLMS.h">
      <Filter>Header Files</Filter>
    </ClInclude>
    <ClInclude Include="..\include\GXDLMSAttribute.h">
      <Filter>Header Files</Filter>
    </ClInclude>
    <ClInclude Include="..\include\GXDLMSClient.h">
      <Filter>Header Files</Filter>
    </ClInclude>
    <ClInclude Include="..\include\GXDLMSConverter.h">
      <Filter>Header Files</Filter>
    </ClInclude>
    <ClInclude Include="..\include\GXDLMSLimits.h">
      <Filter>Header Files</Filter>
    </ClInclude>
    <ClInclude Include="..\include\GXDLMSObjectFactory.h">
      <Filter>Header Files</Filter>
    </ClInclude>
    <ClInclude Include="..\include\GXDLMSVariant.h">
      <Filter>Header Files</Filter>
    </ClInclude>
    <ClInclude Include="..\include\GXHelpers.h">
      <Filter>Header Files</Filter>
    </ClInclude>
    <ClInclude Include="..\include\GXStandardObisCode.h">
      <Filter>Header Files</Filter>
    </ClInclude>
    <ClInclude Include="..\include\GXStandardObisCodeCollection.h">
      <Filter>Header Files</Filter>
    </ClInclude>
    <ClInclude Include="..\include\OBiscodes.h">
      <Filter>Header Files</Filter>
    </ClInclude>
    <ClInclude Include="..\include\GXApplicationContextName.h">
      <Filter>Object Header Files</Filter>
    </ClInclude>
    <ClInclude Include="..\include\GXAuthenticationMechanismName.h">
      <Filter>Header Files</Filter>
    </ClInclude>
    <ClInclude Include="..\include\GXDLMSActionSchedule.h">
      <Filter>Header Files</Filter>
    </ClInclude>
    <ClInclude Include="..\include\GXDLMSActionSet.h">
      <Filter>Header Files</Filter>
    </ClInclude>
    <ClInclude Include="..\include\GXDLMSActivityCalendar.h">
      <Filter>Header Files</Filter>
    </ClInclude>
    <ClInclude Include="..\include\GXDLMSAssociationLogicalName.h">
      <Filter>Header Files</Filter>
    </ClInclude>
    <ClInclude Include="..\include\GXDLMSAssociationShortName.h">
      <Filter>Header Files</Filter>
    </ClInclude>
    <ClInclude Include="..\include\GXDLMSAutoAnswer.h">
      <Filter>Header Files</Filter>
    </ClInclude>
    <ClInclude Include="..\include\GXDLMSAutoConnect.h">
      <Filter>Header Files</Filter>
    </ClInclude>
    <ClInclude Include="..\include\GXDLMSCaptureObject.h">
      <Filter>Header Files</Filter>
    </ClInclude>
    <ClInclude Include="..\include\GXDLMSClock.h">
      <Filter>Header Files</Filter>
    </ClInclude>
    <ClInclude Include="..\include\GXDLMSContextType.h">
      <Filter>Header Files</Filter>
    </ClInclude>
    <ClInclude Include="..\include\GXDLMSData.h">
      <Filter>Header Files</Filter>
    </ClInclude>
    <ClInclude Include="..\include\GXDLMSDayProfile.h">
      <Filter>Header Files</Filter>
    </ClInclude>
    <ClInclude Include="..\include\GXDLMSDayProfileAction.h">
      <Filter>Header Files</Filter>
    </ClInclude>
    <ClInclude Include="..\include\GXDLMSDemandRegister.h">
      <Filter>Header Files</Filter>
    </ClInclude>
    <ClInclude Include="..\include\GXDLMSDisconnectControl.h">
      <Filter>Header Files</Filter>
    </ClInclude>
    <ClInclude Include="..\include\GXDLMSEmergencyProfile.h">
      <Filter>Header Files</Filter>
    </ClInclude>
    <ClInclude Include="..\include\GXDLMSExtendedRegister.h">
      <Filter>Header Files</Filter>
    </ClInclude>
    <ClInclude Include="..\include\GXDLMSGPRSSetup.h">
      <Filter>Header Files</Filter>
    </ClInclude>
    <ClInclude Include="..\include\GXDLMSHdlcSetup.h">
      <Filter>Header Files</Filter>
    </ClInclude>
    <ClInclude Include="..\include\GXDLMSIECOpticalPortSetup.h">
      <Filter>Header Files</Filter>
    </ClInclude>
    <ClInclude Include="..\include\GXDLMSImageActivateInfo.h">
      <Filter>Header Files</Filter>
    </ClInclude>
    <ClInclude Include="..\include\GXDLMSImageTransfer.h">
      <Filter>Header Files</Filter>
    </ClInclude>
    <ClInclude Include="..\include\GXDLMSIp4Setup.h">
      <Filter>Header Files</Filter>
    </ClInclude>
    <ClInclude Include="..\include\GXDLMSIp4SetupIpOption.h">
      <Filter>Header Files</Filter>
    </ClInclude>
    <ClInclude Include="..\include\GXDLMSLimiter.h">
      <Filter>Header Files</Filter>
    </ClInclude>
    <ClInclude Include="..\include\GXDLMSMacAddressSetup.h">
      <Filter>Header Files</Filter>
    </ClInclude>
    <ClInclude Include="..\include\GXDLMSMBusClient.h">
      <Filter>Header Files</Filter>
    </ClInclude>
    <ClInclude Include="..\include\GXDLMSMBusMasterPortSetup.h">
      <Filter>Header Files</Filter>
    </ClInclude>
    <ClInclude Include="..\include\GXDLMSMBusSlavePortSetup.h">
      <Filter>Header Files</Filter>
    </ClInclude>
    <ClInclude Include="..\include\GXDLMSMessageHandler.h">
      <Filter>Header Files</Filter>
    </ClInclude>
    <ClInclude Include="..\include\GXDLMSModemConfiguration.h">
      <Filter>Header Files</Filter>
    </ClInclude>
    <ClInclude Include="..\include\GXDLMSModemInitialisation.h">
      <Filter>Header Files</Filter>
    </ClInclude>
    <ClInclude Include="..\include\GXDLMSMonitoredValue.h">
      <Filter>Header Files</Filter>
    </ClInclude>
    <ClInclude Include="..\include\GXDLMSObject.h">
      <Filter>Header Files</Filter>
    </ClInclude>
    <ClInclude Include="..\include\GXDLMSObjectCollection.h">
      <Filter>Header Files</Filter>
    </ClInclude>
    <ClInclude Include="..\include\GXDLMSObjectDefinition.h">
      <Filter>Header Files</Filter>
    </ClInclude>
    <ClInclude Include="..\include\GXDLMSPppSetup.h">
      <Filter>Header Files</Filter>
    </ClInclude>
    <ClInclude Include="..\include\GXDLMSPppSetupIPCPOption.h">
      <Filter>Header Files</Filter>
    </ClInclude>
    <ClInclude Include="..\include\GXDLMSPppSetupLcpOption.h">
      <Filter>Header Files</Filter>
    </ClInclude>
    <ClInclude Include="..\include\GXDLMSProfileGeneric.h">
      <Filter>Header Files</Filter>
    </ClInclude>
    <ClInclude Include="..\include\GXDLMSPushSetup.h">
      <Filter>Header Files</Filter>
    </ClInclude>
    <ClInclude Include="..\include\GXDLMSQualityOfService.h">
      <Filter>Header Files</Filter>
    </ClInclude>
    <ClInclude Include="..\include\GXDLMSRegister.h">
      <Filter>Header Files</Filter>
    </ClInclude>
    <ClInclude Include="..\include\GXDLMSRegisterActivation.h">
      <Filter>Header Files</Filter>
    </ClInclude>
    <ClInclude Include="..\include\GXDLMSRegisterMonitor.h">
      <Filter>Header Files</Filter>
    </ClInclude>
    <ClInclude Include="..\include\GXDLMSSapAssignment.h">
      <Filter>Header Files</Filter>
    </ClInclude>
    <ClInclude Include="..\include\GXDLMSSchedule.h">
      <Filter>Header Files</Filter>
    </ClInclude>
    <ClInclude Include="..\include\GXDLMSScheduleEntry.h">
      <Filter>Header Files</Filter>
    </ClInclude>
    <ClInclude Include="..\include\GXDLMSScriptAction.h">
      <Filter>Header Files</Filter>
    </ClInclude>
    <ClInclude Include="..\include\GXDLMSScriptTable.h">
      <Filter>Header Files</Filter>
    </ClInclude>
    <ClInclude Include="..\include\GXDLMSSeasonProfile.h">
      <Filter>Header Files</Filter>
    </ClInclude>
    <ClInclude Include="..\include\GXDLMSSecuritySetup.h">
      <Filter>Header Files</Filter>
    </ClInclude>
    <ClInclude Include="..\include\GXDLMSSpecialDay.h">
      <Filter>Header Files</Filter>
    </ClInclude>
    <ClInclude Include="..\include\GXDLMSSpecialDaysTable.h">
      <Filter>Header Files</Filter>
    </ClInclude>
    <ClInclude Include="..\include\GXDLMSTcpUdpSetup.h">
      <Filter>Header Files</Filter>
    </ClInclude>
    <ClInclude Include="..\include\GXDLMSWeekProfile.h">
      <Filter>Header Files</Filter>
    </ClInclude>
    <ClInclude Include="..\include\IGXDLMSBase.h">
      <Filter>Header Files</Filter>
    </ClInclude>
    <ClInclude Include="..\include\gxbytebuffer.h">
      <Filter>Header Files</Filter>
    </ClInclude>
    <ClInclude Include="..\include\GXDLMSSettings.h">
      <Filter>Header Files</Filter>
    </ClInclude>
    <ClInclude Include="..\include\GXReplyData.h">
      <Filter>Header Files</Filter>
    </ClInclude>
    <ClInclude Include="..\include\GXSecure.h">
      <Filter>Header Files</Filter>
    </ClInclude>
    <ClInclude Include="..\include\GXCipher.h">
      <Filter>Header Files</Filter>
    </ClInclude>
    <ClInclude Include="..\include\GXSerialNumberCounter.h">
      <Filter>Header Files</Filter>
    </ClInclude>
    <ClInclude Include="..\include\GXDLMSScript.h">
      <Filter>Header Files</Filter>
    </ClInclude>
    <ClInclude Include="..\include\GXDLMSLongTransaction.h">
      <Filter>Header Files</Filter>
    </ClInclude>
    <ClInclude Include="..\include\GXSNInfo.h">
      <Filter>Header Files</Filter>
    </ClInclude>
    <ClInclude Include="..\include\GXDLMSValueEventCollection.h">
      <Filter>Header Files</Filter>
    </ClInclude>
    <ClInclude Include="..\include\GXDLMSValueEventArg.h">
      <Filter>Header Files</Filter>
    </ClInclude>
    <ClInclude Include="..\include\GXDLMSNotify.h">
      <Filter>Header Files</Filter>
    </ClInclude>
    <ClInclude Include="..\include\chipperingenums.h">
      <Filter>Header Files</Filter>
    </ClInclude>
    <ClInclude Include="..\include\GXGMac.h">
      <Filter>Header Files</Filter>
    </ClInclude>
    <ClInclude Include="..\include\GXDLMSSecureClient.h">
      <Filter>Header Files</Filter>
    </ClInclude>
    <ClInclude Include="..\include\GXDLMSLNParameters.h">
      <Filter>Header Files</Filter>
    </ClInclude>
    <ClInclude Include="..\include\GXDLMSSNParameters.h">
      <Filter>Header Files</Filter>
    </ClInclude>
    <ClInclude Include="..\include\GXDLMSServer.h">
      <Filter>Header Files</Filter>
    </ClInclude>
    <ClInclude Include="..\include\GXDLMSSecureServer.h">
      <Filter>Header Files</Filter>
    </ClInclude>
    <ClInclude Include="..\include\GXDLMSConnectionEventArgs.h">
      <Filter>Header Files</Filter>
    </ClInclude>
    <ClInclude Include="..\include\GXTime.h">
      <Filter>Header Files</Filter>
    </ClInclude>
    <ClInclude Include="..\include\GXDate.h">
      <Filter>Header Files</Filter>
    </ClInclude>
    <ClInclude Include="..\include\GXDLMSSha1.h">
      <Filter>Header Files</Filter>
    </ClInclude>
    <ClInclude Include="..\include\GXDLMSSha256.h">
      <Filter>Header Files</Filter>
    </ClInclude>
    <ClInclude Include="..\include\GXDLMSMd5.h">
      <Filter>Header Files</Filter>
    </ClInclude>
  </ItemGroup>
  <ItemGroup>
    <None Include="..\..\README.md" />
  </ItemGroup>
  <ItemGroup>
    <ClCompile Include="..\src\DLMSPort.c">
      <Filter>Source Files</Filter>
    </ClCompile>
    <ClCompile Include="..\src\GXAdjacentCell.c">
      <Filter>Source Files</Filter>
    </ClCompile>
    <ClCompile Include="..\src\GXAPDU.c">
      <Filter>Source Files</Filter>
    </ClCompile>
    <ClCompile Include="..\src\GXApplicationContextName.c">
      <Filter>Source Files</Filter>
    </ClCompile>
    <ClCompile Include="..\src\GXAttributeCollection.c">
      <Filter>Source Files</Filter>
    </ClCompile>
    <ClCompile Include="..\src\GXAuthentication.c">
      <Filter>Source Files</Filter>
    </ClCompile>
    <ClCompile Include="..\src\GXAuthenticationMechanismName.c">
      <Filter>Source Files</Filter>
    </ClCompile>
    <ClCompile Include="..\src\GXBytebuffer.c">
      <Filter>Source Files</Filter>
    </ClCompile>
    <ClCompile Include="..\src\GXCipher.c">
      <Filter>Source Files</Filter>
    </ClCompile>
    <ClCompile Include="..\src\GXDataInfo.c">
      <Filter>Source Files</Filter>
    </ClCompile>
    <ClCompile Include="..\src\GXDateTime.c">
      <Filter>Source Files</Filter>
    </ClCompile>
    <ClCompile Include="..\src\GXDLMS.c">
      <Filter>Source Files</Filter>
    </ClCompile>
    <ClCompile Include="..\src\GXDLMSActionItem.c">
      <Filter>Source Files</Filter>
    </ClCompile>
    <ClCompile Include="..\src\GXDLMSActionSchedule.c">
      <Filter>Source Files</Filter>
    </ClCompile>
    <ClCompile Include="..\src\GXDLMSActionSet.c">
      <Filter>Source Files</Filter>
    </ClCompile>
    <ClCompile Include="..\src\GXDLMSActivityCalendar.c">
      <Filter>Source Files</Filter>
    </ClCompile>
    <ClCompile Include="..\src\GXDLMSAssociationLogicalName.c">
      <Filter>Source Files</Filter>
    </ClCompile>
    <ClCompile Include="..\src\GXDLMSAssociationShortName.c">
      <Filter>Source Files</Filter>
    </ClCompile>
    <ClCompile Include="..\src\GXDLMSAttribute.c">
      <Filter>Source Files</Filter>
    </ClCompile>
    <ClCompile Include="..\src\GXDLMSAutoAnswer.c">
      <Filter>Source Files</Filter>
    </ClCompile>
    <ClCompile Include="..\src\GXDLMSAutoConnect.c">
      <Filter>Source Files</Filter>
    </ClCompile>
    <ClCompile Include="..\src\GXDLMSCaptureObject.c">
      <Filter>Source Files</Filter>
    </ClCompile>
    <ClCompile Include="..\src\GXDLMSClient.c">
      <Filter>Source Files</Filter>
    </ClCompile>
    <ClCompile Include="..\src\GXDLMSClock.c">
      <Filter>Source Files</Filter>
    </ClCompile>
    <ClCompile Include="..\src\GXDLMSConnectionEventArgs.c">
      <Filter>Source Files</Filter>
    </ClCompile>
    <ClCompile Include="..\src\GXDLMSContextType.c">
      <Filter>Source Files</Filter>
    </ClCompile>
    <ClCompile Include="..\src\GXDLMSConverter.c">
      <Filter>Source Files</Filter>
    </ClCompile>
    <ClCompile Include="..\src\GXDLMSData.c">
      <Filter>Source Files</Filter>
    </ClCompile>
    <ClCompile Include="..\src\GXDLMSDayProfile.c">
      <Filter>Source Files</Filter>
    </ClCompile>
    <ClCompile Include="..\src\GXDLMSDayProfileAction.c">
      <Filter>Source Files</Filter>
    </ClCompile>
    <ClCompile Include="..\src\GXDLMSDemandRegister.c">
      <Filter>Source Files</Filter>
    </ClCompile>
    <ClCompile Include="..\src\GXDLMSDisconnectControl.c">
      <Filter>Source Files</Filter>
    </ClCompile>
    <ClCompile Include="..\src\GXDLMSEmergencyProfile.c">
      <Filter>Source Files</Filter>
    </ClCompile>
    <ClCompile Include="..\src\GXDLMSExtendedRegister.c">
      <Filter>Source Files</Filter>
    </ClCompile>
    <ClCompile Include="..\src\GXDLMSHdlcSetup.c">
      <Filter>Source Files</Filter>
    </ClCompile>
    <ClCompile Include="..\src\GXDLMSIECOpticalPortSetup.c">
      <Filter>Source Files</Filter>
    </ClCompile>
    <ClCompile Include="..\src\GXDLMSImageActivateInfo.c">
      <Filter>Source Files</Filter>
    </ClCompile>
    <ClCompile Include="..\src\GXDLMSImageTransfer.c">
      <Filter>Source Files</Filter>
    </ClCompile>
    <ClCompile Include="..\src\GXDLMSIp4Setup.c">
      <Filter>Source Files</Filter>
    </ClCompile>
    <ClCompile Include="..\src\GXDLMSIp4SetupIpOption.c">
      <Filter>Source Files</Filter>
    </ClCompile>
    <ClCompile Include="..\src\GXDLMSLimiter.c">
      <Filter>Source Files</Filter>
    </ClCompile>
    <ClCompile Include="..\src\GXDLMSLimits.c">
      <Filter>Source Files</Filter>
    </ClCompile>
    <ClCompile Include="..\src\GXDLMSLNParameters.c">
      <Filter>Source Files</Filter>
    </ClCompile>
    <ClCompile Include="..\src\GXDLMSLongTransaction.c">
      <Filter>Source Files</Filter>
    </ClCompile>
    <ClCompile Include="..\src\GXDLMSMacAddressSetup.c">
      <Filter>Source Files</Filter>
    </ClCompile>
    <ClCompile Include="..\src\GXDLMSMd5.c">
      <Filter>Source Files</Filter>
    </ClCompile>
    <ClCompile Include="..\src\GXDLMSMessageHandler.c">
      <Filter>Source Files</Filter>
    </ClCompile>
    <ClCompile Include="..\src\GXDLMSModemConfiguration.c">
      <Filter>Source Files</Filter>
    </ClCompile>
    <ClCompile Include="..\src\GXDLMSModemInitialisation.c">
      <Filter>Source Files</Filter>
    </ClCompile>
    <ClCompile Include="..\src\GXDLMSMonitoredValue.c">
      <Filter>Source Files</Filter>
    </ClCompile>
    <ClCompile Include="..\src\GXDLMSNotify.c">
      <Filter>Source Files</Filter>
    </ClCompile>
    <ClCompile Include="..\src\GXDLMSObject.c">
      <Filter>Source Files</Filter>
    </ClCompile>
    <ClCompile Include="..\src\GXDLMSObjectCollection.c">
      <Filter>Source Files</Filter>
    </ClCompile>
    <ClCompile Include="..\src\GXDLMSObjectDefinition.c">
      <Filter>Source Files</Filter>
    </ClCompile>
    <ClCompile Include="..\src\GXDLMSObjectFactory.c">
      <Filter>Source Files</Filter>
    </ClCompile>
    <ClCompile Include="..\src\GXDLMSProfileGeneric.c">
      <Filter>Source Files</Filter>
    </ClCompile>
    <ClCompile Include="..\src\GXDLMSPushObject.c">
      <Filter>Source Files</Filter>
    </ClCompile>
    <ClCompile Include="..\src\GXDLMSPushSetup.c">
      <Filter>Source Files</Filter>
    </ClCompile>
    <ClCompile Include="..\src\GXDLMSQualityOfService.c">
      <Filter>Source Files</Filter>
    </ClCompile>
    <ClCompile Include="..\src\GXDLMSRegister.c">
      <Filter>Source Files</Filter>
    </ClCompile>
    <ClCompile Include="..\src\GXDLMSRegisterActivation.c">
      <Filter>Source Files</Filter>
    </ClCompile>
    <ClCompile Include="..\src\GXDLMSRegisterMonitor.c">
      <Filter>Source Files</Filter>
    </ClCompile>
    <ClCompile Include="..\src\GXDLMSSapAssignment.c">
      <Filter>Source Files</Filter>
    </ClCompile>
    <ClCompile Include="..\src\GXDLMSSchedule.c">
      <Filter>Source Files</Filter>
    </ClCompile>
    <ClCompile Include="..\src\GXDLMSScheduleEntry.c">
      <Filter>Source Files</Filter>
    </ClCompile>
    <ClCompile Include="..\src\GXDLMSScript.c">
      <Filter>Source Files</Filter>
    </ClCompile>
    <ClCompile Include="..\src\GXDLMSScriptAction.c">
      <Filter>Source Files</Filter>
    </ClCompile>
    <ClCompile Include="..\src\GXDLMSScriptTable.c">
      <Filter>Source Files</Filter>
    </ClCompile>
    <ClCompile Include="..\src\GXDLMSSeasonProfile.c">
      <Filter>Source Files</Filter>
    </ClCompile>
    <ClCompile Include="..\src\GXDLMSSecureServer.c">
      <Filter>Source Files</Filter>
    </ClCompile>
    <ClCompile Include="..\src\GXDLMSSecuritySetup.c">
      <Filter>Source Files</Filter>
    </ClCompile>
    <ClCompile Include="..\src\GXDLMSServer.c">
      <Filter>Source Files</Filter>
    </ClCompile>
    <ClCompile Include="..\src\GXDLMSSettings.c">
      <Filter>Source Files</Filter>
    </ClCompile>
    <ClCompile Include="..\src\GXDLMSSha1.c">
      <Filter>Source Files</Filter>
    </ClCompile>
    <ClCompile Include="..\src\GXDLMSSha256.c">
      <Filter>Source Files</Filter>
    </ClCompile>
    <ClCompile Include="..\src\GXDLMSSNParameters.c">
      <Filter>Source Files</Filter>
    </ClCompile>
    <ClCompile Include="..\src\GXDLMSSpecialDay.c">
      <Filter>Source Files</Filter>
    </ClCompile>
    <ClCompile Include="..\src\GXDLMSSpecialDaysTable.c">
      <Filter>Source Files</Filter>
    </ClCompile>
    <ClCompile Include="..\src\GXDLMSTcpUdpSetup.c">
      <Filter>Source Files</Filter>
    </ClCompile>
    <ClCompile Include="..\src\GXDLMSValueEventArg.c">
      <Filter>Source Files</Filter>
    </ClCompile>
    <ClCompile Include="..\src\GXDLMSValueEventCollection.c">
      <Filter>Source Files</Filter>
    </ClCompile>
    <ClCompile Include="..\src\GXDLMSVariant.c">
      <Filter>Source Files</Filter>
    </ClCompile>
    <ClCompile Include="..\src\GXDLMSWeekProfile.c">
      <Filter>Source Files</Filter>
    </ClCompile>
    <ClCompile Include="..\src\GXHelpers.c">
      <Filter>Source Files</Filter>
    </ClCompile>
    <ClCompile Include="..\src\GXReplyData.c">
      <Filter>Source Files</Filter>
    </ClCompile>
    <ClCompile Include="..\src\GXSecure.c">
      <Filter>Source Files</Filter>
    </ClCompile>
    <ClCompile Include="..\src\GXSerialNumberCounter.c">
      <Filter>Source Files</Filter>
    </ClCompile>
    <ClCompile Include="..\src\GXSNInfo.c">
      <Filter>Source Files</Filter>
    </ClCompile>
    <ClCompile Include="..\src\GXStandardObisCode.c">
      <Filter>Source Files</Filter>
    </ClCompile>
    <ClCompile Include="..\src\GXStandardObisCodeCollection.c">
      <Filter>Source Files</Filter>
    </ClCompile>
    <ClCompile Include="..\src\Map.c">
      <Filter>Source Files</Filter>
    </ClCompile>
    <ClCompile Include="..\src\Optimize.c">
      <Filter>Source Files</Filter>
    </ClCompile>
    <ClCompile Include="..\src\Pair.c">
      <Filter>Source Files</Filter>
    </ClCompile>
    <ClCompile Include="..\src\String.c">
      <Filter>Source Files</Filter>
    </ClCompile>
    <ClCompile Include="..\src\Vector.c">
      <Filter>Source Files</Filter>
    </ClCompile>
    <ClCompile Include="..\src\WString.c">
      <Filter>Source Files</Filter>
    </ClCompile>
  </ItemGroup>
</Project>